// !$*UTF8*$!
{
	archiveVersion = 1;
	classes = {
	};
	objectVersion = 55;
	objects = {

/* Begin PBXBuildFile section */
		F621E5BD282B16F7009F3B4A /* GreenDescriptionController.swift in Sources */ = {isa = PBXBuildFile; fileRef = F621E5BC282B16F7009F3B4A /* GreenDescriptionController.swift */; };
		F621E5BF282B1793009F3B4A /* BlueDescriptionController.swift in Sources */ = {isa = PBXBuildFile; fileRef = F621E5BE282B1793009F3B4A /* BlueDescriptionController.swift */; };
		F621E5C1282B198A009F3B4A /* AdvicesController.swift in Sources */ = {isa = PBXBuildFile; fileRef = F621E5C0282B198A009F3B4A /* AdvicesController.swift */; };
		F621E5C3282B1F7C009F3B4A /* UIColor+Hex.swift in Sources */ = {isa = PBXBuildFile; fileRef = F621E5C2282B1F7C009F3B4A /* UIColor+Hex.swift */; };
		F6FD4727282A9BE100256DE5 /* AppDelegate.swift in Sources */ = {isa = PBXBuildFile; fileRef = F6FD4726282A9BE100256DE5 /* AppDelegate.swift */; };
		F6FD4729282A9BE100256DE5 /* SceneDelegate.swift in Sources */ = {isa = PBXBuildFile; fileRef = F6FD4728282A9BE100256DE5 /* SceneDelegate.swift */; };
		F6FD472B282A9BE100256DE5 /* ViewController.swift in Sources */ = {isa = PBXBuildFile; fileRef = F6FD472A282A9BE100256DE5 /* ViewController.swift */; };
		F6FD472E282A9BE100256DE5 /* Main.storyboard in Resources */ = {isa = PBXBuildFile; fileRef = F6FD472C282A9BE100256DE5 /* Main.storyboard */; };
		F6FD4730282A9BE200256DE5 /* Assets.xcassets in Resources */ = {isa = PBXBuildFile; fileRef = F6FD472F282A9BE200256DE5 /* Assets.xcassets */; };
		F6FD4733282A9BE200256DE5 /* LaunchScreen.storyboard in Resources */ = {isa = PBXBuildFile; fileRef = F6FD4731282A9BE200256DE5 /* LaunchScreen.storyboard */; };
		F6FD473C282ADB2000256DE5 /* SnapKit in Frameworks */ = {isa = PBXBuildFile; productRef = F6FD473B282ADB2000256DE5 /* SnapKit */; };
		F6FD473E282ADC0900256DE5 /* DescriptionController.swift in Sources */ = {isa = PBXBuildFile; fileRef = F6FD473D282ADC0900256DE5 /* DescriptionController.swift */; };
		F6FD4740282ADCB400256DE5 /* TopBarView.swift in Sources */ = {isa = PBXBuildFile; fileRef = F6FD473F282ADCB400256DE5 /* TopBarView.swift */; };
		F6FD4742282B115300256DE5 /* MainController.swift in Sources */ = {isa = PBXBuildFile; fileRef = F6FD4741282B115300256DE5 /* MainController.swift */; };
		F6FD4744282B121E00256DE5 /* RedDescriptionController.swift in Sources */ = {isa = PBXBuildFile; fileRef = F6FD4743282B121E00256DE5 /* RedDescriptionController.swift */; };
/* End PBXBuildFile section */

/* Begin PBXFileReference section */
		F621E5BC282B16F7009F3B4A /* GreenDescriptionController.swift */ = {isa = PBXFileReference; lastKnownFileType = sourcecode.swift; path = GreenDescriptionController.swift; sourceTree = "<group>"; };
		F621E5BE282B1793009F3B4A /* BlueDescriptionController.swift */ = {isa = PBXFileReference; lastKnownFileType = sourcecode.swift; path = BlueDescriptionController.swift; sourceTree = "<group>"; };
		F621E5C0282B198A009F3B4A /* AdvicesController.swift */ = {isa = PBXFileReference; lastKnownFileType = sourcecode.swift; path = AdvicesController.swift; sourceTree = "<group>"; };
		F621E5C2282B1F7C009F3B4A /* UIColor+Hex.swift */ = {isa = PBXFileReference; lastKnownFileType = sourcecode.swift; path = "UIColor+Hex.swift"; sourceTree = "<group>"; };
		F6FD4723282A9BE100256DE5 /* DaltonismApp.app */ = {isa = PBXFileReference; explicitFileType = wrapper.application; includeInIndex = 0; path = DaltonismApp.app; sourceTree = BUILT_PRODUCTS_DIR; };
		F6FD4726282A9BE100256DE5 /* AppDelegate.swift */ = {isa = PBXFileReference; lastKnownFileType = sourcecode.swift; path = AppDelegate.swift; sourceTree = "<group>"; };
		F6FD4728282A9BE100256DE5 /* SceneDelegate.swift */ = {isa = PBXFileReference; lastKnownFileType = sourcecode.swift; path = SceneDelegate.swift; sourceTree = "<group>"; };
		F6FD472A282A9BE100256DE5 /* ViewController.swift */ = {isa = PBXFileReference; lastKnownFileType = sourcecode.swift; path = ViewController.swift; sourceTree = "<group>"; };
		F6FD472D282A9BE100256DE5 /* Base */ = {isa = PBXFileReference; lastKnownFileType = file.storyboard; name = Base; path = Base.lproj/Main.storyboard; sourceTree = "<group>"; };
		F6FD472F282A9BE200256DE5 /* Assets.xcassets */ = {isa = PBXFileReference; lastKnownFileType = folder.assetcatalog; path = Assets.xcassets; sourceTree = "<group>"; };
		F6FD4732282A9BE200256DE5 /* Base */ = {isa = PBXFileReference; lastKnownFileType = file.storyboard; name = Base; path = Base.lproj/LaunchScreen.storyboard; sourceTree = "<group>"; };
		F6FD4734282A9BE200256DE5 /* Info.plist */ = {isa = PBXFileReference; lastKnownFileType = text.plist.xml; path = Info.plist; sourceTree = "<group>"; };
		F6FD473D282ADC0900256DE5 /* DescriptionController.swift */ = {isa = PBXFileReference; lastKnownFileType = sourcecode.swift; path = DescriptionController.swift; sourceTree = "<group>"; };
		F6FD473F282ADCB400256DE5 /* TopBarView.swift */ = {isa = PBXFileReference; lastKnownFileType = sourcecode.swift; path = TopBarView.swift; sourceTree = "<group>"; };
		F6FD4741282B115300256DE5 /* MainController.swift */ = {isa = PBXFileReference; lastKnownFileType = sourcecode.swift; path = MainController.swift; sourceTree = "<group>"; };
		F6FD4743282B121E00256DE5 /* RedDescriptionController.swift */ = {isa = PBXFileReference; lastKnownFileType = sourcecode.swift; path = RedDescriptionController.swift; sourceTree = "<group>"; };
/* End PBXFileReference section */

/* Begin PBXFrameworksBuildPhase section */
		F6FD4720282A9BE100256DE5 /* Frameworks */ = {
			isa = PBXFrameworksBuildPhase;
			buildActionMask = 2147483647;
			files = (
				F6FD473C282ADB2000256DE5 /* SnapKit in Frameworks */,
			);
			runOnlyForDeploymentPostprocessing = 0;
		};
/* End PBXFrameworksBuildPhase section */

/* Begin PBXGroup section */
		F6FD471A282A9BE100256DE5 = {
			isa = PBXGroup;
			children = (
				F6FD4725282A9BE100256DE5 /* DaltonismApp */,
				F6FD4724282A9BE100256DE5 /* Products */,
			);
			sourceTree = "<group>";
		};
		F6FD4724282A9BE100256DE5 /* Products */ = {
			isa = PBXGroup;
			children = (
				F6FD4723282A9BE100256DE5 /* DaltonismApp.app */,
			);
			name = Products;
			sourceTree = "<group>";
		};
		F6FD4725282A9BE100256DE5 /* DaltonismApp */ = {
			isa = PBXGroup;
			children = (
				F6FD4726282A9BE100256DE5 /* AppDelegate.swift */,
				F6FD4728282A9BE100256DE5 /* SceneDelegate.swift */,
				F6FD472A282A9BE100256DE5 /* ViewController.swift */,
				F6FD472C282A9BE100256DE5 /* Main.storyboard */,
				F6FD472F282A9BE200256DE5 /* Assets.xcassets */,
				F6FD4731282A9BE200256DE5 /* LaunchScreen.storyboard */,
				F6FD4734282A9BE200256DE5 /* Info.plist */,
				F6FD4741282B115300256DE5 /* MainController.swift */,
				F6FD473F282ADCB400256DE5 /* TopBarView.swift */,
				F6FD473D282ADC0900256DE5 /* DescriptionController.swift */,
				F6FD4743282B121E00256DE5 /* RedDescriptionController.swift */,
				F621E5BC282B16F7009F3B4A /* GreenDescriptionController.swift */,
				F621E5BE282B1793009F3B4A /* BlueDescriptionController.swift */,
				F621E5C0282B198A009F3B4A /* AdvicesController.swift */,
				F621E5C2282B1F7C009F3B4A /* UIColor+Hex.swift */,
			);
			path = DaltonismApp;
			sourceTree = "<group>";
		};
/* End PBXGroup section */

/* Begin PBXNativeTarget section */
		F6FD4722282A9BE100256DE5 /* DaltonismApp */ = {
			isa = PBXNativeTarget;
			buildConfigurationList = F6FD4737282A9BE200256DE5 /* Build configuration list for PBXNativeTarget "DaltonismApp" */;
			buildPhases = (
				F6FD471F282A9BE100256DE5 /* Sources */,
				F6FD4720282A9BE100256DE5 /* Frameworks */,
				F6FD4721282A9BE100256DE5 /* Resources */,
			);
			buildRules = (
			);
			dependencies = (
			);
			name = DaltonismApp;
			packageProductDependencies = (
				F6FD473B282ADB2000256DE5 /* SnapKit */,
			);
			productName = DaltonismApp;
			productReference = F6FD4723282A9BE100256DE5 /* DaltonismApp.app */;
			productType = "com.apple.product-type.application";
		};
/* End PBXNativeTarget section */

/* Begin PBXProject section */
		F6FD471B282A9BE100256DE5 /* Project object */ = {
			isa = PBXProject;
			attributes = {
				BuildIndependentTargetsInParallel = 1;
				LastSwiftUpdateCheck = 1320;
				LastUpgradeCheck = 1320;
				TargetAttributes = {
					F6FD4722282A9BE100256DE5 = {
						CreatedOnToolsVersion = 13.2.1;
					};
				};
			};
			buildConfigurationList = F6FD471E282A9BE100256DE5 /* Build configuration list for PBXProject "DaltonismApp" */;
			compatibilityVersion = "Xcode 13.0";
			developmentRegion = en;
			hasScannedForEncodings = 0;
			knownRegions = (
				en,
				Base,
			);
			mainGroup = F6FD471A282A9BE100256DE5;
			packageReferences = (
				F6FD473A282ADB2000256DE5 /* XCRemoteSwiftPackageReference "SnapKit" */,
			);
			productRefGroup = F6FD4724282A9BE100256DE5 /* Products */;
			projectDirPath = "";
			projectRoot = "";
			targets = (
				F6FD4722282A9BE100256DE5 /* DaltonismApp */,
			);
		};
/* End PBXProject section */

/* Begin PBXResourcesBuildPhase section */
		F6FD4721282A9BE100256DE5 /* Resources */ = {
			isa = PBXResourcesBuildPhase;
			buildActionMask = 2147483647;
			files = (
				F6FD4733282A9BE200256DE5 /* LaunchScreen.storyboard in Resources */,
				F6FD4730282A9BE200256DE5 /* Assets.xcassets in Resources */,
				F6FD472E282A9BE100256DE5 /* Main.storyboard in Resources */,
			);
			runOnlyForDeploymentPostprocessing = 0;
		};
/* End PBXResourcesBuildPhase section */

/* Begin PBXSourcesBuildPhase section */
		F6FD471F282A9BE100256DE5 /* Sources */ = {
			isa = PBXSourcesBuildPhase;
			buildActionMask = 2147483647;
			files = (
				F621E5BD282B16F7009F3B4A /* GreenDescriptionController.swift in Sources */,
				F6FD4740282ADCB400256DE5 /* TopBarView.swift in Sources */,
				F621E5BF282B1793009F3B4A /* BlueDescriptionController.swift in Sources */,
				F621E5C1282B198A009F3B4A /* AdvicesController.swift in Sources */,
				F6FD472B282A9BE100256DE5 /* ViewController.swift in Sources */,
				F621E5C3282B1F7C009F3B4A /* UIColor+Hex.swift in Sources */,
				F6FD4727282A9BE100256DE5 /* AppDelegate.swift in Sources */,
				F6FD473E282ADC0900256DE5 /* DescriptionController.swift in Sources */,
				F6FD4742282B115300256DE5 /* MainController.swift in Sources */,
				F6FD4729282A9BE100256DE5 /* SceneDelegate.swift in Sources */,
				F6FD4744282B121E00256DE5 /* RedDescriptionController.swift in Sources */,
			);
			runOnlyForDeploymentPostprocessing = 0;
		};
/* End PBXSourcesBuildPhase section */

/* Begin PBXVariantGroup section */
		F6FD472C282A9BE100256DE5 /* Main.storyboard */ = {
			isa = PBXVariantGroup;
			children = (
				F6FD472D282A9BE100256DE5 /* Base */,
			);
			name = Main.storyboard;
			sourceTree = "<group>";
		};
		F6FD4731282A9BE200256DE5 /* LaunchScreen.storyboard */ = {
			isa = PBXVariantGroup;
			children = (
				F6FD4732282A9BE200256DE5 /* Base */,
			);
			name = LaunchScreen.storyboard;
			sourceTree = "<group>";
		};
/* End PBXVariantGroup section */

/* Begin XCBuildConfiguration section */
		F6FD4735282A9BE200256DE5 /* Debug */ = {
			isa = XCBuildConfiguration;
			buildSettings = {
				ALWAYS_SEARCH_USER_PATHS = NO;
				CLANG_ANALYZER_NONNULL = YES;
				CLANG_ANALYZER_NUMBER_OBJECT_CONVERSION = YES_AGGRESSIVE;
				CLANG_CXX_LANGUAGE_STANDARD = "gnu++17";
				CLANG_CXX_LIBRARY = "libc++";
				CLANG_ENABLE_MODULES = YES;
				CLANG_ENABLE_OBJC_ARC = YES;
				CLANG_ENABLE_OBJC_WEAK = YES;
				CLANG_WARN_BLOCK_CAPTURE_AUTORELEASING = YES;
				CLANG_WARN_BOOL_CONVERSION = YES;
				CLANG_WARN_COMMA = YES;
				CLANG_WARN_CONSTANT_CONVERSION = YES;
				CLANG_WARN_DEPRECATED_OBJC_IMPLEMENTATIONS = YES;
				CLANG_WARN_DIRECT_OBJC_ISA_USAGE = YES_ERROR;
				CLANG_WARN_DOCUMENTATION_COMMENTS = YES;
				CLANG_WARN_EMPTY_BODY = YES;
				CLANG_WARN_ENUM_CONVERSION = YES;
				CLANG_WARN_INFINITE_RECURSION = YES;
				CLANG_WARN_INT_CONVERSION = YES;
				CLANG_WARN_NON_LITERAL_NULL_CONVERSION = YES;
				CLANG_WARN_OBJC_IMPLICIT_RETAIN_SELF = YES;
				CLANG_WARN_OBJC_LITERAL_CONVERSION = YES;
				CLANG_WARN_OBJC_ROOT_CLASS = YES_ERROR;
				CLANG_WARN_QUOTED_INCLUDE_IN_FRAMEWORK_HEADER = YES;
				CLANG_WARN_RANGE_LOOP_ANALYSIS = YES;
				CLANG_WARN_STRICT_PROTOTYPES = YES;
				CLANG_WARN_SUSPICIOUS_MOVE = YES;
				CLANG_WARN_UNGUARDED_AVAILABILITY = YES_AGGRESSIVE;
				CLANG_WARN_UNREACHABLE_CODE = YES;
				CLANG_WARN__DUPLICATE_METHOD_MATCH = YES;
				COPY_PHASE_STRIP = NO;
				DEBUG_INFORMATION_FORMAT = dwarf;
				ENABLE_STRICT_OBJC_MSGSEND = YES;
				ENABLE_TESTABILITY = YES;
				GCC_C_LANGUAGE_STANDARD = gnu11;
				GCC_DYNAMIC_NO_PIC = NO;
				GCC_NO_COMMON_BLOCKS = YES;
				GCC_OPTIMIZATION_LEVEL = 0;
				GCC_PREPROCESSOR_DEFINITIONS = (
					"DEBUG=1",
					"$(inherited)",
				);
				GCC_WARN_64_TO_32_BIT_CONVERSION = YES;
				GCC_WARN_ABOUT_RETURN_TYPE = YES_ERROR;
				GCC_WARN_UNDECLARED_SELECTOR = YES;
				GCC_WARN_UNINITIALIZED_AUTOS = YES_AGGRESSIVE;
				GCC_WARN_UNUSED_FUNCTION = YES;
				GCC_WARN_UNUSED_VARIABLE = YES;
				IPHONEOS_DEPLOYMENT_TARGET = 15.2;
				MTL_ENABLE_DEBUG_INFO = INCLUDE_SOURCE;
				MTL_FAST_MATH = YES;
				ONLY_ACTIVE_ARCH = YES;
				SDKROOT = iphoneos;
				SWIFT_ACTIVE_COMPILATION_CONDITIONS = DEBUG;
				SWIFT_OPTIMIZATION_LEVEL = "-Onone";
			};
			name = Debug;
		};
		F6FD4736282A9BE200256DE5 /* Release */ = {
			isa = XCBuildConfiguration;
			buildSettings = {
				ALWAYS_SEARCH_USER_PATHS = NO;
				CLANG_ANALYZER_NONNULL = YES;
				CLANG_ANALYZER_NUMBER_OBJECT_CONVERSION = YES_AGGRESSIVE;
				CLANG_CXX_LANGUAGE_STANDARD = "gnu++17";
				CLANG_CXX_LIBRARY = "libc++";
				CLANG_ENABLE_MODULES = YES;
				CLANG_ENABLE_OBJC_ARC = YES;
				CLANG_ENABLE_OBJC_WEAK = YES;
				CLANG_WARN_BLOCK_CAPTURE_AUTORELEASING = YES;
				CLANG_WARN_BOOL_CONVERSION = YES;
				CLANG_WARN_COMMA = YES;
				CLANG_WARN_CONSTANT_CONVERSION = YES;
				CLANG_WARN_DEPRECATED_OBJC_IMPLEMENTATIONS = YES;
				CLANG_WARN_DIRECT_OBJC_ISA_USAGE = YES_ERROR;
				CLANG_WARN_DOCUMENTATION_COMMENTS = YES;
				CLANG_WARN_EMPTY_BODY = YES;
				CLANG_WARN_ENUM_CONVERSION = YES;
				CLANG_WARN_INFINITE_RECURSION = YES;
				CLANG_WARN_INT_CONVERSION = YES;
				CLANG_WARN_NON_LITERAL_NULL_CONVERSION = YES;
				CLANG_WARN_OBJC_IMPLICIT_RETAIN_SELF = YES;
				CLANG_WARN_OBJC_LITERAL_CONVERSION = YES;
				CLANG_WARN_OBJC_ROOT_CLASS = YES_ERROR;
				CLANG_WARN_QUOTED_INCLUDE_IN_FRAMEWORK_HEADER = YES;
				CLANG_WARN_RANGE_LOOP_ANALYSIS = YES;
				CLANG_WARN_STRICT_PROTOTYPES = YES;
				CLANG_WARN_SUSPICIOUS_MOVE = YES;
				CLANG_WARN_UNGUARDED_AVAILABILITY = YES_AGGRESSIVE;
				CLANG_WARN_UNREACHABLE_CODE = YES;
				CLANG_WARN__DUPLICATE_METHOD_MATCH = YES;
				COPY_PHASE_STRIP = NO;
				DEBUG_INFORMATION_FORMAT = "dwarf-with-dsym";
				ENABLE_NS_ASSERTIONS = NO;
				ENABLE_STRICT_OBJC_MSGSEND = YES;
				GCC_C_LANGUAGE_STANDARD = gnu11;
				GCC_NO_COMMON_BLOCKS = YES;
				GCC_WARN_64_TO_32_BIT_CONVERSION = YES;
				GCC_WARN_ABOUT_RETURN_TYPE = YES_ERROR;
				GCC_WARN_UNDECLARED_SELECTOR = YES;
				GCC_WARN_UNINITIALIZED_AUTOS = YES_AGGRESSIVE;
				GCC_WARN_UNUSED_FUNCTION = YES;
				GCC_WARN_UNUSED_VARIABLE = YES;
				IPHONEOS_DEPLOYMENT_TARGET = 15.2;
				MTL_ENABLE_DEBUG_INFO = NO;
				MTL_FAST_MATH = YES;
				SDKROOT = iphoneos;
				SWIFT_COMPILATION_MODE = wholemodule;
				SWIFT_OPTIMIZATION_LEVEL = "-O";
				VALIDATE_PRODUCT = YES;
			};
			name = Release;
		};
		F6FD4738282A9BE200256DE5 /* Debug */ = {
			isa = XCBuildConfiguration;
			buildSettings = {
				ASSETCATALOG_COMPILER_APPICON_NAME = AppIcon;
				ASSETCATALOG_COMPILER_GLOBAL_ACCENT_COLOR_NAME = AccentColor;
				CODE_SIGN_STYLE = Automatic;
				CURRENT_PROJECT_VERSION = 1;
				GENERATE_INFOPLIST_FILE = YES;
				INFOPLIST_FILE = DaltonismApp/Info.plist;
				INFOPLIST_KEY_CFBundleDisplayName = Dalto;
				INFOPLIST_KEY_UIApplicationSupportsIndirectInputEvents = YES;
				INFOPLIST_KEY_UILaunchStoryboardName = LaunchScreen;
				INFOPLIST_KEY_UIMainStoryboardFile = Main;
				INFOPLIST_KEY_UISupportedInterfaceOrientations_iPad = "UIInterfaceOrientationPortrait UIInterfaceOrientationPortraitUpsideDown UIInterfaceOrientationLandscapeLeft UIInterfaceOrientationLandscapeRight";
				INFOPLIST_KEY_UISupportedInterfaceOrientations_iPhone = "UIInterfaceOrientationPortrait UIInterfaceOrientationLandscapeLeft UIInterfaceOrientationLandscapeRight";
				LD_RUNPATH_SEARCH_PATHS = (
					"$(inherited)",
					"@executable_path/Frameworks",
				);
				MARKETING_VERSION = 1.0;
				PRODUCT_BUNDLE_IDENTIFIER = hr.fer.seminar.DaltonismApp;
				PRODUCT_NAME = "$(TARGET_NAME)";
				SWIFT_EMIT_LOC_STRINGS = YES;
				SWIFT_VERSION = 5.0;
				TARGETED_DEVICE_FAMILY = "1,2";
			};
			name = Debug;
		};
		F6FD4739282A9BE200256DE5 /* Release */ = {
			isa = XCBuildConfiguration;
			buildSettings = {
				ASSETCATALOG_COMPILER_APPICON_NAME = AppIcon;
				ASSETCATALOG_COMPILER_GLOBAL_ACCENT_COLOR_NAME = AccentColor;
				CODE_SIGN_STYLE = Automatic;
				CURRENT_PROJECT_VERSION = 1;
				GENERATE_INFOPLIST_FILE = YES;
				INFOPLIST_FILE = DaltonismApp/Info.plist;
				INFOPLIST_KEY_CFBundleDisplayName = Dalto;
				INFOPLIST_KEY_UIApplicationSupportsIndirectInputEvents = YES;
				INFOPLIST_KEY_UILaunchStoryboardName = LaunchScreen;
				INFOPLIST_KEY_UIMainStoryboardFile = Main;
				INFOPLIST_KEY_UISupportedInterfaceOrientations_iPad = "UIInterfaceOrientationPortrait UIInterfaceOrientationPortraitUpsideDown UIInterfaceOrientationLandscapeLeft UIInterfaceOrientationLandscapeRight";
				INFOPLIST_KEY_UISupportedInterfaceOrientations_iPhone = "UIInterfaceOrientationPortrait UIInterfaceOrientationLandscapeLeft UIInterfaceOrientationLandscapeRight";
				LD_RUNPATH_SEARCH_PATHS = (
					"$(inherited)",
					"@executable_path/Frameworks",
				);
				MARKETING_VERSION = 1.0;
				PRODUCT_BUNDLE_IDENTIFIER = hr.fer.seminar.DaltonismApp;
				PRODUCT_NAME = "$(TARGET_NAME)";
				SWIFT_EMIT_LOC_STRINGS = YES;
				SWIFT_VERSION = 5.0;
				TARGETED_DEVICE_FAMILY = "1,2";
			};
			name = Release;
		};
/* End XCBuildConfiguration section */

/* Begin XCConfigurationList section */
		F6FD471E282A9BE100256DE5 /* Build configuration list for PBXProject "DaltonismApp" */ = {
			isa = XCConfigurationList;
			buildConfigurations = (
				F6FD4735282A9BE200256DE5 /* Debug */,
				F6FD4736282A9BE200256DE5 /* Release */,
			);
			defaultConfigurationIsVisible = 0;
			defaultConfigurationName = Release;
		};
		F6FD4737282A9BE200256DE5 /* Build configuration list for PBXNativeTarget "DaltonismApp" */ = {
			isa = XCConfigurationList;
			buildConfigurations = (
				F6FD4738282A9BE200256DE5 /* Debug */,
				F6FD4739282A9BE200256DE5 /* Release */,
			);
			defaultConfigurationIsVisible = 0;
			defaultConfigurationName = Release;
		};
/* End XCConfigurationList section */

/* Begin XCRemoteSwiftPackageReference section */
		F6FD473A282ADB2000256DE5 /* XCRemoteSwiftPackageReference "SnapKit" */ = {
			isa = XCRemoteSwiftPackageReference;
			repositoryURL = "https://github.com/SnapKit/SnapKit";
			requirement = {
				kind = upToNextMajorVersion;
				minimumVersion = 5.0.0;
			};
		};
/* End XCRemoteSwiftPackageReference section */

/* Begin XCSwiftPackageProductDependency section */
		F6FD473B282ADB2000256DE5 /* SnapKit */ = {
			isa = XCSwiftPackageProductDependency;
			package = F6FD473A282ADB2000256DE5 /* XCRemoteSwiftPackageReference "SnapKit" */;
			productName = SnapKit;
		};
/* End XCSwiftPackageProductDependency section */
	};
	rootObject = F6FD471B282A9BE100256DE5 /* Project object */;
}
